
Microsoft Visual Studio Solution File, Format Version 12.00
# Visual Studio Version 17
VisualStudioVersion = 17.9.34728.123
MinimumVisualStudioVersion = 10.0.40219.1
Project("{FAE04EC0-301F-11D3-BF4B-00C04F79EFBC}") = "WpfLabelAttribute", "WpfLabelAttribute\WpfLabelAttribute.csproj", "{73C46050-4137-42FB-AD2C-A6656A2B1EFA}"
EndProject
Project("{FAE04EC0-301F-11D3-BF4B-00C04F79EFBC}") = "WpfBookCodeSample", "WpfBookCodeSample\WpfBookCodeSample.csproj", "{8D008D5F-DB19-4ABE-98CE-D68CD0F5DC55}"
EndProject
Project("{FAE04EC0-301F-11D3-BF4B-00C04F79EFBC}") = "CustomSimpleMVVMDemo", "CustomSimpleMVVMDemo\CustomSimpleMVVMDemo.csproj", "{43894A01-5F71-4E28-88DF-AEFE373EED58}"
EndProject
Global
	GlobalSection(SolutionConfigurationPlatforms) = preSolution
		Debug|Any CPU = Debug|Any CPU
		Debug|x86 = Debug|x86
		Release|Any CPU = Release|Any CPU
		Release|x86 = Release|x86
	EndGlobalSection
	GlobalSection(ProjectConfigurationPlatforms) = postSolution
		{73C46050-4137-42FB-AD2C-A6656A2B1EFA}.Debug|Any CPU.ActiveCfg = Debug|Any CPU
		{73C46050-4137-42FB-AD2C-A6656A2B1EFA}.Debug|Any CPU.Build.0 = Debug|Any CPU
		{73C46050-4137-42FB-AD2C-A6656A2B1EFA}.Debug|x86.ActiveCfg = Debug|Any CPU
		{73C46050-4137-42FB-AD2C-A6656A2B1EFA}.Debug|x86.Build.0 = Debug|Any CPU
		{73C46050-4137-42FB-AD2C-A6656A2B1EFA}.Release|Any CPU.ActiveCfg = Release|Any CPU
		{73C46050-4137-42FB-AD2C-A6656A2B1EFA}.Release|Any CPU.Build.0 = Release|Any CPU
		{73C46050-4137-42FB-AD2C-A6656A2B1EFA}.Release|x86.ActiveCfg = Release|Any CPU
		{73C46050-4137-42FB-AD2C-A6656A2B1EFA}.Release|x86.Build.0 = Release|Any CPU
		{8D008D5F-DB19-4ABE-98CE-D68CD0F5DC55}.Debug|Any CPU.ActiveCfg = Debug|Any CPU
		{8D008D5F-DB19-4ABE-98CE-D68CD0F5DC55}.Debug|Any CPU.Build.0 = Debug|Any CPU
		{8D008D5F-DB19-4ABE-98CE-D68CD0F5DC55}.Debug|x86.ActiveCfg = Debug|Any CPU
		{8D008D5F-DB19-4ABE-98CE-D68CD0F5DC55}.Debug|x86.Build.0 = Debug|Any CPU
		{8D008D5F-DB19-4ABE-98CE-D68CD0F5DC55}.Release|Any CPU.ActiveCfg = Release|Any CPU
		{8D008D5F-DB19-4ABE-98CE-D68CD0F5DC55}.Release|Any CPU.Build.0 = Release|Any CPU
		{8D008D5F-DB19-4ABE-98CE-D68CD0F5DC55}.Release|x86.ActiveCfg = Release|Any CPU
		{8D008D5F-DB19-4ABE-98CE-D68CD0F5DC55}.Release|x86.Build.0 = Release|Any CPU
		{43894A01-5F71-4E28-88DF-AEFE373EED58}.Debug|Any CPU.ActiveCfg = Debug|Any CPU
		{43894A01-5F71-4E28-88DF-AEFE373EED58}.Debug|Any CPU.Build.0 = Debug|Any CPU
		{43894A01-5F71-4E28-88DF-AEFE373EED58}.Debug|x86.ActiveCfg = Debug|Any CPU
		{43894A01-5F71-4E28-88DF-AEFE373EED58}.Debug|x86.Build.0 = Debug|Any CPU
		{43894A01-5F71-4E28-88DF-AEFE373EED58}.Release|Any CPU.ActiveCfg = Release|Any CPU
		{43894A01-5F71-4E28-88DF-AEFE373EED58}.Release|Any CPU.Build.0 = Release|Any CPU
		{43894A01-5F71-4E28-88DF-AEFE373EED58}.Release|x86.ActiveCfg = Release|Any CPU
		{43894A01-5F71-4E28-88DF-AEFE373EED58}.Release|x86.Build.0 = Release|Any CPU
	EndGlobalSection
	GlobalSection(SolutionProperties) = preSolution
		HideSolutionNode = FALSE
	EndGlobalSection
	GlobalSection(ExtensibilityGlobals) = postSolution
		SolutionGuid = {079A2F3F-C22C-48A5-B42F-83290C6D0676}
	EndGlobalSection
EndGlobal
